// !$*UTF8*$!
{
	archiveVersion = 1;
	classes = {
	};
	objectVersion = 50;
	objects = {

/* Begin PBXBuildFile section */
		2E7D980223E0ABC700B85BD6 /* AppDelegate.swift in Sources */ = {isa = PBXBuildFile; fileRef = 2E7D980123E0ABC700B85BD6 /* AppDelegate.swift */; };
		2E7D980423E0ABC700B85BD6 /* ViewController.swift in Sources */ = {isa = PBXBuildFile; fileRef = 2E7D980323E0ABC700B85BD6 /* ViewController.swift */; };
		2E7D980723E0ABC700B85BD6 /* Main.storyboard in Resources */ = {isa = PBXBuildFile; fileRef = 2E7D980523E0ABC700B85BD6 /* Main.storyboard */; };
		2E7D980A23E0ABC700B85BD6 /* emoji.xcdatamodeld in Sources */ = {isa = PBXBuildFile; fileRef = 2E7D980823E0ABC700B85BD6 /* emoji.xcdatamodeld */; };
		2E7D980C23E0ABC800B85BD6 /* Assets.xcassets in Resources */ = {isa = PBXBuildFile; fileRef = 2E7D980B23E0ABC800B85BD6 /* Assets.xcassets */; };
		2E7D980F23E0ABC800B85BD6 /* LaunchScreen.storyboard in Resources */ = {isa = PBXBuildFile; fileRef = 2E7D980D23E0ABC800B85BD6 /* LaunchScreen.storyboard */; };
		2E7D981A23E0ABC800B85BD6 /* emojiTests.swift in Sources */ = {isa = PBXBuildFile; fileRef = 2E7D981923E0ABC800B85BD6 /* emojiTests.swift */; };
		2E7D982523E0ABC800B85BD6 /* emojiUITests.swift in Sources */ = {isa = PBXBuildFile; fileRef = 2E7D982423E0ABC800B85BD6 /* emojiUITests.swift */; };
/* End PBXBuildFile section */

/* Begin PBXContainerItemProxy section */
		2E7D981623E0ABC800B85BD6 /* PBXContainerItemProxy */ = {
			isa = PBXContainerItemProxy;
			containerPortal = 2E7D97F623E0ABC700B85BD6 /* Project object */;
			proxyType = 1;
			remoteGlobalIDString = 2E7D97FD23E0ABC700B85BD6;
			remoteInfo = emoji;
		};
		2E7D982123E0ABC800B85BD6 /* PBXContainerItemProxy */ = {
			isa = PBXContainerItemProxy;
			containerPortal = 2E7D97F623E0ABC700B85BD6 /* Project object */;
			proxyType = 1;
			remoteGlobalIDString = 2E7D97FD23E0ABC700B85BD6;
			remoteInfo = emoji;
		};
/* End PBXContainerItemProxy section */

/* Begin PBXFileReference section */
		2E7D97FE23E0ABC700B85BD6 /* emoji.app */ = {isa = PBXFileReference; explicitFileType = wrapper.application; includeInIndex = 0; path = emoji.app; sourceTree = BUILT_PRODUCTS_DIR; };
		2E7D980123E0ABC700B85BD6 /* AppDelegate.swift */ = {isa = PBXFileReference; lastKnownFileType = sourcecode.swift; path = AppDelegate.swift; sourceTree = "<group>"; };
		2E7D980323E0ABC700B85BD6 /* ViewController.swift */ = {isa = PBXFileReference; lastKnownFileType = sourcecode.swift; path = ViewController.swift; sourceTree = "<group>"; };
		2E7D980623E0ABC700B85BD6 /* Base */ = {isa = PBXFileReference; lastKnownFileType = file.storyboard; name = Base; path = Base.lproj/Main.storyboard; sourceTree = "<group>"; };
		2E7D980923E0ABC700B85BD6 /* emoji.xcdatamodel */ = {isa = PBXFileReference; lastKnownFileType = wrapper.xcdatamodel; path = emoji.xcdatamodel; sourceTree = "<group>"; };
		2E7D980B23E0ABC800B85BD6 /* Assets.xcassets */ = {isa = PBXFileReference; lastKnownFileType = folder.assetcatalog; path = Assets.xcassets; sourceTree = "<group>"; };
		2E7D980E23E0ABC800B85BD6 /* Base */ = {isa = PBXFileReference; lastKnownFileType = file.storyboard; name = Base; path = Base.lproj/LaunchScreen.storyboard; sourceTree = "<group>"; };
		2E7D981023E0ABC800B85BD6 /* Info.plist */ = {isa = PBXFileReference; lastKnownFileType = text.plist.xml; path = Info.plist; sourceTree = "<group>"; };
		2E7D981523E0ABC800B85BD6 /* emojiTests.xctest */ = {isa = PBXFileReference; explicitFileType = wrapper.cfbundle; includeInIndex = 0; path = emojiTests.xctest; sourceTree = BUILT_PRODUCTS_DIR; };
		2E7D981923E0ABC800B85BD6 /* emojiTests.swift */ = {isa = PBXFileReference; lastKnownFileType = sourcecode.swift; path = emojiTests.swift; sourceTree = "<group>"; };
		2E7D981B23E0ABC800B85BD6 /* Info.plist */ = {isa = PBXFileReference; lastKnownFileType = text.plist.xml; path = Info.plist; sourceTree = "<group>"; };
		2E7D982023E0ABC800B85BD6 /* emojiUITests.xctest */ = {isa = PBXFileReference; explicitFileType = wrapper.cfbundle; includeInIndex = 0; path = emojiUITests.xctest; sourceTree = BUILT_PRODUCTS_DIR; };
		2E7D982423E0ABC800B85BD6 /* emojiUITests.swift */ = {isa = PBXFileReference; lastKnownFileType = sourcecode.swift; path = emojiUITests.swift; sourceTree = "<group>"; };
		2E7D982623E0ABC800B85BD6 /* Info.plist */ = {isa = PBXFileReference; lastKnownFileType = text.plist.xml; path = Info.plist; sourceTree = "<group>"; };
/* End PBXFileReference section */

/* Begin PBXFrameworksBuildPhase section */
		2E7D97FB23E0ABC700B85BD6 /* Frameworks */ = {
			isa = PBXFrameworksBuildPhase;
			buildActionMask = 2147483647;
			files = (
			);
			runOnlyForDeploymentPostprocessing = 0;
		};
		2E7D981223E0ABC800B85BD6 /* Frameworks */ = {
			isa = PBXFrameworksBuildPhase;
			buildActionMask = 2147483647;
			files = (
			);
			runOnlyForDeploymentPostprocessing = 0;
		};
		2E7D981D23E0ABC800B85BD6 /* Frameworks */ = {
			isa = PBXFrameworksBuildPhase;
			buildActionMask = 2147483647;
			files = (
			);
			runOnlyForDeploymentPostprocessing = 0;
		};
/* End PBXFrameworksBuildPhase section */

/* Begin PBXGroup section */
		2E7D97F523E0ABC700B85BD6 = {
			isa = PBXGroup;
			children = (
				2E7D980023E0ABC700B85BD6 /* emoji */,
				2E7D981823E0ABC800B85BD6 /* emojiTests */,
				2E7D982323E0ABC800B85BD6 /* emojiUITests */,
				2E7D97FF23E0ABC700B85BD6 /* Products */,
			);
			sourceTree = "<group>";
		};
		2E7D97FF23E0ABC700B85BD6 /* Products */ = {
			isa = PBXGroup;
			children = (
				2E7D97FE23E0ABC700B85BD6 /* emoji.app */,
				2E7D981523E0ABC800B85BD6 /* emojiTests.xctest */,
				2E7D982023E0ABC800B85BD6 /* emojiUITests.xctest */,
			);
			name = Products;
			sourceTree = "<group>";
		};
		2E7D980023E0ABC700B85BD6 /* emoji */ = {
			isa = PBXGroup;
			children = (
				2E7D980123E0ABC700B85BD6 /* AppDelegate.swift */,
				2E7D980323E0ABC700B85BD6 /* ViewController.swift */,
				2E7D980523E0ABC700B85BD6 /* Main.storyboard */,
				2E7D980B23E0ABC800B85BD6 /* Assets.xcassets */,
				2E7D980D23E0ABC800B85BD6 /* LaunchScreen.storyboard */,
				2E7D981023E0ABC800B85BD6 /* Info.plist */,
				2E7D980823E0ABC700B85BD6 /* emoji.xcdatamodeld */,
			);
			path = emoji;
			sourceTree = "<group>";
		};
		2E7D981823E0ABC800B85BD6 /* emojiTests */ = {
			isa = PBXGroup;
			children = (
				2E7D981923E0ABC800B85BD6 /* emojiTests.swift */,
				2E7D981B23E0ABC800B85BD6 /* Info.plist */,
			);
			path = emojiTests;
			sourceTree = "<group>";
		};
		2E7D982323E0ABC800B85BD6 /* emojiUITests */ = {
			isa = PBXGroup;
			children = (
				2E7D982423E0ABC800B85BD6 /* emojiUITests.swift */,
				2E7D982623E0ABC800B85BD6 /* Info.plist */,
			);
			path = emojiUITests;
			sourceTree = "<group>";
		};
/* End PBXGroup section */

/* Begin PBXNativeTarget section */
		2E7D97FD23E0ABC700B85BD6 /* emoji */ = {
			isa = PBXNativeTarget;
			buildConfigurationList = 2E7D982923E0ABC800B85BD6 /* Build configuration list for PBXNativeTarget "emoji" */;
			buildPhases = (
				2E7D97FA23E0ABC700B85BD6 /* Sources */,
				2E7D97FB23E0ABC700B85BD6 /* Frameworks */,
				2E7D97FC23E0ABC700B85BD6 /* Resources */,
			);
			buildRules = (
			);
			dependencies = (
			);
			name = emoji;
			productName = emoji;
			productReference = 2E7D97FE23E0ABC700B85BD6 /* emoji.app */;
			productType = "com.apple.product-type.application";
		};
		2E7D981423E0ABC800B85BD6 /* emojiTests */ = {
			isa = PBXNativeTarget;
			buildConfigurationList = 2E7D982C23E0ABC800B85BD6 /* Build configuration list for PBXNativeTarget "emojiTests" */;
			buildPhases = (
				2E7D981123E0ABC800B85BD6 /* Sources */,
				2E7D981223E0ABC800B85BD6 /* Frameworks */,
				2E7D981323E0ABC800B85BD6 /* Resources */,
			);
			buildRules = (
			);
			dependencies = (
				2E7D981723E0ABC800B85BD6 /* PBXTargetDependency */,
			);
			name = emojiTests;
			productName = emojiTests;
			productReference = 2E7D981523E0ABC800B85BD6 /* emojiTests.xctest */;
			productType = "com.apple.product-type.bundle.unit-test";
		};
		2E7D981F23E0ABC800B85BD6 /* emojiUITests */ = {
			isa = PBXNativeTarget;
			buildConfigurationList = 2E7D982F23E0ABC800B85BD6 /* Build configuration list for PBXNativeTarget "emojiUITests" */;
			buildPhases = (
				2E7D981C23E0ABC800B85BD6 /* Sources */,
				2E7D981D23E0ABC800B85BD6 /* Frameworks */,
				2E7D981E23E0ABC800B85BD6 /* Resources */,
			);
			buildRules = (
			);
			dependencies = (
				2E7D982223E0ABC800B85BD6 /* PBXTargetDependency */,
			);
			name = emojiUITests;
			productName = emojiUITests;
			productReference = 2E7D982023E0ABC800B85BD6 /* emojiUITests.xctest */;
			productType = "com.apple.product-type.bundle.ui-testing";
		};
/* End PBXNativeTarget section */

/* Begin PBXProject section */
		2E7D97F623E0ABC700B85BD6 /* Project object */ = {
			isa = PBXProject;
			attributes = {
				LastSwiftUpdateCheck = 1030;
				LastUpgradeCheck = 1030;
				ORGANIZATIONNAME = Dhruvil;
				TargetAttributes = {
					2E7D97FD23E0ABC700B85BD6 = {
						CreatedOnToolsVersion = 10.3;
					};
					2E7D981423E0ABC800B85BD6 = {
						CreatedOnToolsVersion = 10.3;
						TestTargetID = 2E7D97FD23E0ABC700B85BD6;
					};
					2E7D981F23E0ABC800B85BD6 = {
						CreatedOnToolsVersion = 10.3;
						TestTargetID = 2E7D97FD23E0ABC700B85BD6;
					};
				};
			};
			buildConfigurationList = 2E7D97F923E0ABC700B85BD6 /* Build configuration list for PBXProject "emoji" */;
			compatibilityVersion = "Xcode 9.3";
			developmentRegion = en;
			hasScannedForEncodings = 0;
			knownRegions = (
				en,
				Base,
			);
			mainGroup = 2E7D97F523E0ABC700B85BD6;
			productRefGroup = 2E7D97FF23E0ABC700B85BD6 /* Products */;
			projectDirPath = "";
			projectRoot = "";
			targets = (
				2E7D97FD23E0ABC700B85BD6 /* emoji */,
				2E7D981423E0ABC800B85BD6 /* emojiTests */,
				2E7D981F23E0ABC800B85BD6 /* emojiUITests */,
			);
		};
/* End PBXProject section */

/* Begin PBXResourcesBuildPhase section */
		2E7D97FC23E0ABC700B85BD6 /* Resources */ = {
			isa = PBXResourcesBuildPhase;
			buildActionMask = 2147483647;
			files = (
				2E7D980F23E0ABC800B85BD6 /* LaunchScreen.storyboard in Resources */,
				2E7D980C23E0ABC800B85BD6 /* Assets.xcassets in Resources */,
				2E7D980723E0ABC700B85BD6 /* Main.storyboard in Resources */,
			);
			runOnlyForDeploymentPostprocessing = 0;
		};
		2E7D981323E0ABC800B85BD6 /* Resources */ = {
			isa = PBXResourcesBuildPhase;
			buildActionMask = 2147483647;
			files = (
			);
			runOnlyForDeploymentPostprocessing = 0;
		};
		2E7D981E23E0ABC800B85BD6 /* Resources */ = {
			isa = PBXResourcesBuildPhase;
			buildActionMask = 2147483647;
			files = (
			);
			runOnlyForDeploymentPostprocessing = 0;
		};
/* End PBXResourcesBuildPhase section */

/* Begin PBXSourcesBuildPhase section */
		2E7D97FA23E0ABC700B85BD6 /* Sources */ = {
			isa = PBXSourcesBuildPhase;
			buildActionMask = 2147483647;
			files = (
				2E7D980423E0ABC700B85BD6 /* ViewController.swift in Sources */,
				2E7D980A23E0ABC700B85BD6 /* emoji.xcdatamodeld in Sources */,
				2E7D980223E0ABC700B85BD6 /* AppDelegate.swift in Sources */,
			);
			runOnlyForDeploymentPostprocessing = 0;
		};
		2E7D981123E0ABC800B85BD6 /* Sources */ = {
			isa = PBXSourcesBuildPhase;
			buildActionMask = 2147483647;
			files = (
				2E7D981A23E0ABC800B85BD6 /* emojiTests.swift in Sources */,
			);
			runOnlyForDeploymentPostprocessing = 0;
		};
		2E7D981C23E0ABC800B85BD6 /* Sources */ = {
			isa = PBXSourcesBuildPhase;
			buildActionMask = 2147483647;
			files = (
				2E7D982523E0ABC800B85BD6 /* emojiUITests.swift in Sources */,
			);
			runOnlyForDeploymentPostprocessing = 0;
		};
/* End PBXSourcesBuildPhase section */

/* Begin PBXTargetDependency section */
		2E7D981723E0ABC800B85BD6 /* PBXTargetDependency */ = {
			isa = PBXTargetDependency;
			target = 2E7D97FD23E0ABC700B85BD6 /* emoji */;
			targetProxy = 2E7D981623E0ABC800B85BD6 /* PBXContainerItemProxy */;
		};
		2E7D982223E0ABC800B85BD6 /* PBXTargetDependency */ = {
			isa = PBXTargetDependency;
			target = 2E7D97FD23E0ABC700B85BD6 /* emoji */;
			targetProxy = 2E7D982123E0ABC800B85BD6 /* PBXContainerItemProxy */;
		};
/* End PBXTargetDependency section */

/* Begin PBXVariantGroup section */
		2E7D980523E0ABC700B85BD6 /* Main.storyboard */ = {
			isa = PBXVariantGroup;
			children = (
				2E7D980623E0ABC700B85BD6 /* Base */,
			);
			name = Main.storyboard;
			sourceTree = "<group>";
		};
		2E7D980D23E0ABC800B85BD6 /* LaunchScreen.storyboard */ = {
			isa = PBXVariantGroup;
			children = (
				2E7D980E23E0ABC800B85BD6 /* Base */,
			);
			name = LaunchScreen.storyboard;
			sourceTree = "<group>";
		};
/* End PBXVariantGroup section */

/* Begin XCBuildConfiguration section */
		2E7D982723E0ABC800B85BD6 /* Debug */ = {
			isa = XCBuildConfiguration;
			buildSettings = {
				ALWAYS_SEARCH_USER_PATHS = NO;
				CLANG_ANALYZER_NONNULL = YES;
				CLANG_ANALYZER_NUMBER_OBJECT_CONVERSION = YES_AGGRESSIVE;
				CLANG_CXX_LANGUAGE_STANDARD = "gnu++14";
				CLANG_CXX_LIBRARY = "libc++";
				CLANG_ENABLE_MODULES = YES;
				CLANG_ENABLE_OBJC_ARC = YES;
				CLANG_ENABLE_OBJC_WEAK = YES;
				CLANG_WARN_BLOCK_CAPTURE_AUTORELEASING = YES;
				CLANG_WARN_BOOL_CONVERSION = YES;
				CLANG_WARN_COMMA = YES;
				CLANG_WARN_CONSTANT_CONVERSION = YES;
				CLANG_WARN_DEPRECATED_OBJC_IMPLEMENTATIONS = YES;
				CLANG_WARN_DIRECT_OBJC_ISA_USAGE = YES_ERROR;
				CLANG_WARN_DOCUMENTATION_COMMENTS = YES;
				CLANG_WARN_EMPTY_BODY = YES;
				CLANG_WARN_ENUM_CONVERSION = YES;
				CLANG_WARN_INFINITE_RECURSION = YES;
				CLANG_WARN_INT_CONVERSION = YES;
				CLANG_WARN_NON_LITERAL_NULL_CONVERSION = YES;
				CLANG_WARN_OBJC_IMPLICIT_RETAIN_SELF = YES;
				CLANG_WARN_OBJC_LITERAL_CONVERSION = YES;
				CLANG_WARN_OBJC_ROOT_CLASS = YES_ERROR;
				CLANG_WARN_RANGE_LOOP_ANALYSIS = YES;
				CLANG_WARN_STRICT_PROTOTYPES = YES;
				CLANG_WARN_SUSPICIOUS_MOVE = YES;
				CLANG_WARN_UNGUARDED_AVAILABILITY = YES_AGGRESSIVE;
				CLANG_WARN_UNREACHABLE_CODE = YES;
				CLANG_WARN__DUPLICATE_METHOD_MATCH = YES;
				CODE_SIGN_IDENTITY = "iPhone Developer";
				COPY_PHASE_STRIP = NO;
				DEBUG_INFORMATION_FORMAT = dwarf;
				ENABLE_STRICT_OBJC_MSGSEND = YES;
				ENABLE_TESTABILITY = YES;
				GCC_C_LANGUAGE_STANDARD = gnu11;
				GCC_DYNAMIC_NO_PIC = NO;
				GCC_NO_COMMON_BLOCKS = YES;
				GCC_OPTIMIZATION_LEVEL = 0;
				GCC_PREPROCESSOR_DEFINITIONS = (
					"DEBUG=1",
					"$(inherited)",
				);
				GCC_WARN_64_TO_32_BIT_CONVERSION = YES;
				GCC_WARN_ABOUT_RETURN_TYPE = YES_ERROR;
				GCC_WARN_UNDECLARED_SELECTOR = YES;
				GCC_WARN_UNINITIALIZED_AUTOS = YES_AGGRESSIVE;
				GCC_WARN_UNUSED_FUNCTION = YES;
				GCC_WARN_UNUSED_VARIABLE = YES;
				IPHONEOS_DEPLOYMENT_TARGET = 12.4;
				MTL_ENABLE_DEBUG_INFO = INCLUDE_SOURCE;
				MTL_FAST_MATH = YES;
				ONLY_ACTIVE_ARCH = YES;
				SDKROOT = iphoneos;
				SWIFT_ACTIVE_COMPILATION_CONDITIONS = DEBUG;
				SWIFT_OPTIMIZATION_LEVEL = "-Onone";
			};
			name = Debug;
		};
		2E7D982823E0ABC800B85BD6 /* Release */ = {
			isa = XCBuildConfiguration;
			buildSettings = {
				ALWAYS_SEARCH_USER_PATHS = NO;
				CLANG_ANALYZER_NONNULL = YES;
				CLANG_ANALYZER_NUMBER_OBJECT_CONVERSION = YES_AGGRESSIVE;
				CLANG_CXX_LANGUAGE_STANDARD = "gnu++14";
				CLANG_CXX_LIBRARY = "libc++";
				CLANG_ENABLE_MODULES = YES;
				CLANG_ENABLE_OBJC_ARC = YES;
				CLANG_ENABLE_OBJC_WEAK = YES;
				CLANG_WARN_BLOCK_CAPTURE_AUTORELEASING = YES;
				CLANG_WARN_BOOL_CONVERSION = YES;
				CLANG_WARN_COMMA = YES;
				CLANG_WARN_CONSTANT_CONVERSION = YES;
				CLANG_WARN_DEPRECATED_OBJC_IMPLEMENTATIONS = YES;
				CLANG_WARN_DIRECT_OBJC_ISA_USAGE = YES_ERROR;
				CLANG_WARN_DOCUMENTATION_COMMENTS = YES;
				CLANG_WARN_EMPTY_BODY = YES;
				CLANG_WARN_ENUM_CONVERSION = YES;
				CLANG_WARN_INFINITE_RECURSION = YES;
				CLANG_WARN_INT_CONVERSION = YES;
				CLANG_WARN_NON_LITERAL_NULL_CONVERSION = YES;
				CLANG_WARN_OBJC_IMPLICIT_RETAIN_SELF = YES;
				CLANG_WARN_OBJC_LITERAL_CONVERSION = YES;
				CLANG_WARN_OBJC_ROOT_CLASS = YES_ERROR;
				CLANG_WARN_RANGE_LOOP_ANALYSIS = YES;
				CLANG_WARN_STRICT_PROTOTYPES = YES;
				CLANG_WARN_SUSPICIOUS_MOVE = YES;
				CLANG_WARN_UNGUARDED_AVAILABILITY = YES_AGGRESSIVE;
				CLANG_WARN_UNREACHABLE_CODE = YES;
				CLANG_WARN__DUPLICATE_METHOD_MATCH = YES;
				CODE_SIGN_IDENTITY = "iPhone Developer";
				COPY_PHASE_STRIP = NO;
				DEBUG_INFORMATION_FORMAT = "dwarf-with-dsym";
				ENABLE_NS_ASSERTIONS = NO;
				ENABLE_STRICT_OBJC_MSGSEND = YES;
				GCC_C_LANGUAGE_STANDARD = gnu11;
				GCC_NO_COMMON_BLOCKS = YES;
				GCC_WARN_64_TO_32_BIT_CONVERSION = YES;
				GCC_WARN_ABOUT_RETURN_TYPE = YES_ERROR;
				GCC_WARN_UNDECLARED_SELECTOR = YES;
				GCC_WARN_UNINITIALIZED_AUTOS = YES_AGGRESSIVE;
				GCC_WARN_UNUSED_FUNCTION = YES;
				GCC_WARN_UNUSED_VARIABLE = YES;
				IPHONEOS_DEPLOYMENT_TARGET = 12.4;
				MTL_ENABLE_DEBUG_INFO = NO;
				MTL_FAST_MATH = YES;
				SDKROOT = iphoneos;
				SWIFT_COMPILATION_MODE = wholemodule;
				SWIFT_OPTIMIZATION_LEVEL = "-O";
				VALIDATE_PRODUCT = YES;
			};
			name = Release;
		};
		2E7D982A23E0ABC800B85BD6 /* Debug */ = {
			isa = XCBuildConfiguration;
			buildSettings = {
				ASSETCATALOG_COMPILER_APPICON_NAME = AppIcon;
				CODE_SIGN_STYLE = Automatic;
				INFOPLIST_FILE = emoji/Info.plist;
				LD_RUNPATH_SEARCH_PATHS = (
					"$(inherited)",
					"@executable_path/Frameworks",
				);
				PRODUCT_BUNDLE_IDENTIFIER = com.emoji;
				PRODUCT_NAME = "$(TARGET_NAME)";
				SWIFT_VERSION = 5.0;
				TARGETED_DEVICE_FAMILY = "1,2";
			};
			name = Debug;
		};
		2E7D982B23E0ABC800B85BD6 /* Release */ = {
			isa = XCBuildConfiguration;
			buildSettings = {
				ASSETCATALOG_COMPILER_APPICON_NAME = AppIcon;
				CODE_SIGN_STYLE = Automatic;
				INFOPLIST_FILE = emoji/Info.plist;
				LD_RUNPATH_SEARCH_PATHS = (
					"$(inherited)",
					"@executable_path/Frameworks",
				);
				PRODUCT_BUNDLE_IDENTIFIER = com.emoji;
				PRODUCT_NAME = "$(TARGET_NAME)";
				SWIFT_VERSION = 5.0;
				TARGETED_DEVICE_FAMILY = "1,2";
			};
			name = Release;
		};
		2E7D982D23E0ABC800B85BD6 /* Debug */ = {
			isa = XCBuildConfiguration;
			buildSettings = {
				ALWAYS_EMBED_SWIFT_STANDARD_LIBRARIES = YES;
				BUNDLE_LOADER = "$(TEST_HOST)";
				CODE_SIGN_STYLE = Automatic;
				INFOPLIST_FILE = emojiTests/Info.plist;
				LD_RUNPATH_SEARCH_PATHS = (
					"$(inherited)",
					"@executable_path/Frameworks",
					"@loader_path/Frameworks",
				);
				PRODUCT_BUNDLE_IDENTIFIER = com.emojiTests;
				PRODUCT_NAME = "$(TARGET_NAME)";
				SWIFT_VERSION = 5.0;
				TARGETED_DEVICE_FAMILY = "1,2";
				TEST_HOST = "$(BUILT_PRODUCTS_DIR)/emoji.app/emoji";
			};
			name = Debug;
		};
		2E7D982E23E0ABC800B85BD6 /* Release */ = {
			isa = XCBuildConfiguration;
			buildSettings = {
				ALWAYS_EMBED_SWIFT_STANDARD_LIBRARIES = YES;
				BUNDLE_LOADER = "$(TEST_HOST)";
				CODE_SIGN_STYLE = Automatic;
				INFOPLIST_FILE = emojiTests/Info.plist;
				LD_RUNPATH_SEARCH_PATHS = (
					"$(inherited)",
					"@executable_path/Frameworks",
					"@loader_path/Frameworks",
				);
				PRODUCT_BUNDLE_IDENTIFIER = com.emojiTests;
				PRODUCT_NAME = "$(TARGET_NAME)";
				SWIFT_VERSION = 5.0;
				TARGETED_DEVICE_FAMILY = "1,2";
				TEST_HOST = "$(BUILT_PRODUCTS_DIR)/emoji.app/emoji";
			};
			name = Release;
		};
		2E7D983023E0ABC800B85BD6 /* Debug */ = {
			isa = XCBuildConfiguration;
			buildSettings = {
				ALWAYS_EMBED_SWIFT_STANDARD_LIBRARIES = YES;
				CODE_SIGN_STYLE = Automatic;
				INFOPLIST_FILE = emojiUITests/Info.plist;
				LD_RUNPATH_SEARCH_PATHS = (
					"$(inherited)",
					"@executable_path/Frameworks",
					"@loader_path/Frameworks",
				);
				PRODUCT_BUNDLE_IDENTIFIER = com.emojiUITests;
				PRODUCT_NAME = "$(TARGET_NAME)";
				SWIFT_VERSION = 5.0;
				TARGETED_DEVICE_FAMILY = "1,2";
				TEST_TARGET_NAME = emoji;
			};
			name = Debug;
		};
		2E7D983123E0ABC800B85BD6 /* Release */ = {
			isa = XCBuildConfiguration;
			buildSettings = {
				ALWAYS_EMBED_SWIFT_STANDARD_LIBRARIES = YES;
				CODE_SIGN_STYLE = Automatic;
				INFOPLIST_FILE = emojiUITests/Info.plist;
				LD_RUNPATH_SEARCH_PATHS = (
					"$(inherited)",
					"@executable_path/Frameworks",
					"@loader_path/Frameworks",
				);
				PRODUCT_BUNDLE_IDENTIFIER = com.emojiUITests;
				PRODUCT_NAME = "$(TARGET_NAME)";
				SWIFT_VERSION = 5.0;
				TARGETED_DEVICE_FAMILY = "1,2";
				TEST_TARGET_NAME = emoji;
			};
			name = Release;
		};
/* End XCBuildConfiguration section */

/* Begin XCConfigurationList section */
		2E7D97F923E0ABC700B85BD6 /* Build configuration list for PBXProject "emoji" */ = {
			isa = XCConfigurationList;
			buildConfigurations = (
				2E7D982723E0ABC800B85BD6 /* Debug */,
				2E7D982823E0ABC800B85BD6 /* Release */,
			);
			defaultConfigurationIsVisible = 0;
			defaultConfigurationName = Release;
		};
		2E7D982923E0ABC800B85BD6 /* Build configuration list for PBXNativeTarget "emoji" */ = {
			isa = XCConfigurationList;
			buildConfigurations = (
				2E7D982A23E0ABC800B85BD6 /* Debug */,
				2E7D982B23E0ABC800B85BD6 /* Release */,
			);
			defaultConfigurationIsVisible = 0;
			defaultConfigurationName = Release;
		};
		2E7D982C23E0ABC800B85BD6 /* Build configuration list for PBXNativeTarget "emojiTests" */ = {
			isa = XCConfigurationList;
			buildConfigurations = (
				2E7D982D23E0ABC800B85BD6 /* Debug */,
				2E7D982E23E0ABC800B85BD6 /* Release */,
			);
			defaultConfigurationIsVisible = 0;
			defaultConfigurationName = Release;
		};
		2E7D982F23E0ABC800B85BD6 /* Build configuration list for PBXNativeTarget "emojiUITests" */ = {
			isa = XCConfigurationList;
			buildConfigurations = (
				2E7D983023E0ABC800B85BD6 /* Debug */,
				2E7D983123E0ABC800B85BD6 /* Release */,
			);
			defaultConfigurationIsVisible = 0;
			defaultConfigurationName = Release;
		};
/* End XCConfigurationList section */

/* Begin XCVersionGroup section */
		2E7D980823E0ABC700B85BD6 /* emoji.xcdatamodeld */ = {
			isa = XCVersionGroup;
			children = (
				2E7D980923E0ABC700B85BD6 /* emoji.xcdatamodel */,
			);
			currentVersion = 2E7D980923E0ABC700B85BD6 /* emoji.xcdatamodel */;
			path = emoji.xcdatamodeld;
			sourceTree = "<group>";
			versionGroupType = wrapper.xcdatamodel;
		};
/* End XCVersionGroup section */
	};
	rootObject = 2E7D97F623E0ABC700B85BD6 /* Project object */;
}
